{
  "version": 4,
  "terraform_version": "1.14.3",
  "serial": 80,
  "lineage": "3c793f8a-236d-ed21-6114-49b3920bee9d",
  "outputs": {},
  "resources": [
    {
      "mode": "data",
      "type": "xenorchestra_network",
      "name": "net",
      "provider": "provider[\"registry.terraform.io/terra-farm/xenorchestra\"]",
      "instances": [
        {
          "schema_version": 0,
          "attributes": {
            "bridge": "xenbr1",
            "id": "3cf58c27-8765-98ef-5868-4da6fa044387",
            "name_label": "VM Network eth1",
            "pool_id": "df79b6de-8ca7-acea-376f-73b8a785886b"
          },
          "sensitive_attributes": [],
          "identity_schema_version": 0
        }
      ]
    },
    {
      "mode": "data",
      "type": "xenorchestra_sr",
      "name": "local_storage",
      "provider": "provider[\"registry.terraform.io/terra-farm/xenorchestra\"]",
      "instances": [
        {
          "schema_version": 0,
          "attributes": {
            "container": "6b534022-5479-4355-b83a-c2fd0d6f34b4",
            "id": "43cd4b9b-37c8-32c2-7f07-2192c342be66",
            "name_label": "Local storage",
            "physical_usage": 197149044736,
            "pool_id": "df79b6de-8ca7-acea-376f-73b8a785886b",
            "size": 1967290294272,
            "sr_type": "ext",
            "tags": null,
            "usage": 687257681920,
            "uuid": "43cd4b9b-37c8-32c2-7f07-2192c342be66"
          },
          "sensitive_attributes": [],
          "identity_schema_version": 0
        }
      ]
    },
    {
      "mode": "data",
      "type": "xenorchestra_template",
      "name": "ubuntu_template",
      "provider": "provider[\"registry.terraform.io/terra-farm/xenorchestra\"]",
      "instances": [
        {
          "schema_version": 0,
          "attributes": {
            "id": "cbb3dbce-e5d8-e565-a1a2-e0df61d15795",
            "name_label": "Ubuntu_24.04",
            "pool_id": null,
            "uuid": "cbb3dbce-e5d8-e565-a1a2-e0df61d15795"
          },
          "sensitive_attributes": [],
          "identity_schema_version": 0
        }
      ]
    },
    {
      "mode": "managed",
      "type": "xenorchestra_vm",
      "name": "control_node",
      "provider": "provider[\"registry.terraform.io/terra-farm/xenorchestra\"]",
      "instances": [
        {
          "schema_version": 1,
          "attributes": {
            "affinity_host": "",
            "auto_poweron": false,
            "blocked_operations": null,
            "cdrom": [],
            "cloud_config": null,
            "cloud_network_config": null,
            "core_os": false,
            "cpu_cap": 0,
            "cpu_weight": 0,
            "cpus": 2,
            "destroy_cloud_config_vdi_after_boot": false,
            "disk": [
              {
                "attached": true,
                "name_description": "",
                "name_label": "ansible-control-node-root",
                "position": "0",
                "size": 42949672960,
                "sr_id": "43cd4b9b-37c8-32c2-7f07-2192c342be66",
                "vbd_id": "47c54785-aaa1-7678-5f0c-688acec33891",
                "vdi_id": "fa74f0a9-05a5-41fe-9000-45361c0afa05"
              }
            ],
            "exp_nested_hvm": false,
            "high_availability": "",
            "host": null,
            "hvm_boot_firmware": "uefi",
            "id": "4727ad3f-2ae9-5a31-26f7-0a828580c536",
            "installation_method": null,
            "ipv4_addresses": [],
            "ipv6_addresses": [],
            "memory_max": 4294967296,
            "name_description": "",
            "name_label": "ansible-control-node",
            "network": [
              {
                "attached": true,
                "device": "0",
                "ipv4_addresses": [],
                "ipv6_addresses": [],
                "mac_address": "b6:16:f8:76:50:2b",
                "network_id": "3cf58c27-8765-98ef-5868-4da6fa044387"
              }
            ],
            "power_state": "Running",
            "resource_set": "",
            "start_delay": 0,
            "tags": [
              "ansible",
              "control-node"
            ],
            "template": "cbb3dbce-e5d8-e565-a1a2-e0df61d15795",
            "timeouts": null,
            "vga": "std",
            "videoram": 8,
            "wait_for_ip": false
          },
          "sensitive_attributes": [],
          "identity_schema_version": 0,
          "private": "eyJlMmJmYjczMC1lY2FhLTExZTYtOGY4OC0zNDM2M2JjN2M0YzAiOnsiY3JlYXRlIjozMDAwMDAwMDAwMDAsImRlbGV0ZSI6MzAwMDAwMDAwMDAwLCJ1cGRhdGUiOjMwMDAwMDAwMDAwMH0sInNjaGVtYV92ZXJzaW9uIjoiMSJ9",
          "dependencies": [
            "data.xenorchestra_network.net",
            "data.xenorchestra_sr.local_storage",
            "data.xenorchestra_template.ubuntu_template",
            "xenorchestra_vm.db",
            "xenorchestra_vm.web"
          ]
        }
      ]
    },
    {
      "mode": "managed",
      "type": "xenorchestra_vm",
      "name": "db",
      "provider": "provider[\"registry.terraform.io/terra-farm/xenorchestra\"]",
      "instances": [
        {
          "schema_version": 1,
          "attributes": {
            "affinity_host": "",
            "auto_poweron": false,
            "blocked_operations": null,
            "cdrom": [],
            "cloud_config": null,
            "cloud_network_config": null,
            "core_os": false,
            "cpu_cap": 0,
            "cpu_weight": 0,
            "cpus": 2,
            "destroy_cloud_config_vdi_after_boot": false,
            "disk": [
              {
                "attached": true,
                "name_description": "",
                "name_label": "db-root",
                "position": "0",
                "size": 42949672960,
                "sr_id": "43cd4b9b-37c8-32c2-7f07-2192c342be66",
                "vbd_id": "a676f5e3-c72c-a7e6-f476-cebd9d6dd50d",
                "vdi_id": "2037cd48-dcba-4e87-9238-dd5bbbf6635d"
              }
            ],
            "exp_nested_hvm": false,
            "high_availability": "",
            "host": null,
            "hvm_boot_firmware": "uefi",
            "id": "b58983a4-8da5-e0b4-e20e-551edcbfcacf",
            "installation_method": null,
            "ipv4_addresses": [],
            "ipv6_addresses": [],
            "memory_max": 4294967296,
            "name_description": "",
            "name_label": "db",
            "network": [
              {
                "attached": true,
                "device": "0",
                "ipv4_addresses": [],
                "ipv6_addresses": [],
                "mac_address": "9e:0f:52:1f:85:a3",
                "network_id": "3cf58c27-8765-98ef-5868-4da6fa044387"
              }
            ],
            "power_state": "Running",
            "resource_set": "",
            "start_delay": 0,
            "tags": [
              "ansible",
              "db"
            ],
            "template": "cbb3dbce-e5d8-e565-a1a2-e0df61d15795",
            "timeouts": null,
            "vga": "std",
            "videoram": 8,
            "wait_for_ip": false
          },
          "sensitive_attributes": [],
          "identity_schema_version": 0,
          "private": "eyJlMmJmYjczMC1lY2FhLTExZTYtOGY4OC0zNDM2M2JjN2M0YzAiOnsiY3JlYXRlIjozMDAwMDAwMDAwMDAsImRlbGV0ZSI6MzAwMDAwMDAwMDAwLCJ1cGRhdGUiOjMwMDAwMDAwMDAwMH0sInNjaGVtYV92ZXJzaW9uIjoiMSJ9",
          "dependencies": [
            "data.xenorchestra_network.net",
            "data.xenorchestra_sr.local_storage",
            "data.xenorchestra_template.ubuntu_template"
          ]
        }
      ]
    },
    {
      "mode": "managed",
      "type": "xenorchestra_vm",
      "name": "web",
      "provider": "provider[\"registry.terraform.io/terra-farm/xenorchestra\"]",
      "instances": [
        {
          "schema_version": 1,
          "attributes": {
            "affinity_host": "",
            "auto_poweron": false,
            "blocked_operations": null,
            "cdrom": [],
            "cloud_config": null,
            "cloud_network_config": null,
            "core_os": false,
            "cpu_cap": 0,
            "cpu_weight": 0,
            "cpus": 2,
            "destroy_cloud_config_vdi_after_boot": false,
            "disk": [
              {
                "attached": true,
                "name_description": "",
                "name_label": "web-root",
                "position": "0",
                "size": 42949672960,
                "sr_id": "43cd4b9b-37c8-32c2-7f07-2192c342be66",
                "vbd_id": "cf284e60-2427-9f60-84b4-c128c8dcb8be",
                "vdi_id": "4387f83b-7d56-4c3b-ba47-9ea3c0ce60a5"
              }
            ],
            "exp_nested_hvm": false,
            "high_availability": "",
            "host": null,
            "hvm_boot_firmware": "uefi",
            "id": "4a85fca3-b5ff-9d08-0141-f044dc4a3017",
            "installation_method": null,
            "ipv4_addresses": [],
            "ipv6_addresses": [],
            "memory_max": 4294967296,
            "name_description": "",
            "name_label": "web",
            "network": [
              {
                "attached": true,
                "device": "0",
                "ipv4_addresses": [],
                "ipv6_addresses": [],
                "mac_address": "3e:ac:96:d5:39:d0",
                "network_id": "3cf58c27-8765-98ef-5868-4da6fa044387"
              }
            ],
            "power_state": "Running",
            "resource_set": "",
            "start_delay": 0,
            "tags": [
              "ansible",
              "web"
            ],
            "template": "cbb3dbce-e5d8-e565-a1a2-e0df61d15795",
            "timeouts": null,
            "vga": "std",
            "videoram": 8,
            "wait_for_ip": false
          },
          "sensitive_attributes": [],
          "identity_schema_version": 0,
          "private": "eyJlMmJmYjczMC1lY2FhLTExZTYtOGY4OC0zNDM2M2JjN2M0YzAiOnsiY3JlYXRlIjozMDAwMDAwMDAwMDAsImRlbGV0ZSI6MzAwMDAwMDAwMDAwLCJ1cGRhdGUiOjMwMDAwMDAwMDAwMH0sInNjaGVtYV92ZXJzaW9uIjoiMSJ9",
          "dependencies": [
            "data.xenorchestra_network.net",
            "data.xenorchestra_sr.local_storage",
            "data.xenorchestra_template.ubuntu_template"
          ]
        }
      ]
    }
  ],
  "check_results": null
}
